
Microsoft Visual Studio Solution File, Format Version 12.00
# Visual Studio Version 17
VisualStudioVersion = 17.8.34525.116
MinimumVisualStudioVersion = 10.0.40219.1
Project("{FAE04EC0-301F-11D3-BF4B-00C04F79EFBC}") = "ToolkitTest", "ToolkitTest\ToolkitTest.csproj", "{5766C3D1-CD18-4038-AD46-E7808423C90F}"
EndProject
Global
	GlobalSection(SolutionConfigurationPlatforms) = preSolution
		Debug|Any CPU = Debug|Any CPU
		Release|Any CPU = Release|Any CPU
	EndGlobalSection
	GlobalSection(ProjectConfigurationPlatforms) = postSolution
		{5766C3D1-CD18-4038-AD46-E7808423C90F}.Debug|Any CPU.ActiveCfg = Debug|Any CPU
		{5766C3D1-CD18-4038-AD46-E7808423C90F}.Debug|Any CPU.Build.0 = Debug|Any CPU
		{5766C3D1-CD18-4038-AD46-E7808423C90F}.Debug|Any CPU.Deploy.0 = Debug|Any CPU
		{5766C3D1-CD18-4038-AD46-E7808423C90F}.Release|Any CPU.ActiveCfg = Release|Any CPU
		{5766C3D1-CD18-4038-AD46-E7808423C90F}.Release|Any CPU.Build.0 = Release|Any CPU
		{5766C3D1-CD18-4038-AD46-E7808423C90F}.Release|Any CPU.Deploy.0 = Release|Any CPU
	EndGlobalSection
	GlobalSection(SolutionProperties) = preSolution
		HideSolutionNode = FALSE
	EndGlobalSection
	GlobalSection(ExtensibilityGlobals) = postSolution
		SolutionGuid = {2EE8C72D-6D64-45CE-98F1-4AB7FDD09027}
	EndGlobalSection
EndGlobal
